// !$*UTF8*$!
{
	archiveVersion = 1;
	classes = {
	};
	objectVersion = 50;
	objects = {

/* Begin PBXBuildFile section */
		4CD0F9A72193D209005679BD /* AppDelegate.swift in Sources */ = {isa = PBXBuildFile; fileRef = 4CD0F9A62193D209005679BD /* AppDelegate.swift */; };
		4CD0F9A92193D209005679BD /* ViewController.swift in Sources */ = {isa = PBXBuildFile; fileRef = 4CD0F9A82193D209005679BD /* ViewController.swift */; };
		4CD0F9AC2193D209005679BD /* Main.storyboard in Resources */ = {isa = PBXBuildFile; fileRef = 4CD0F9AA2193D209005679BD /* Main.storyboard */; };
		4CD0F9AF2193D209005679BD /* todo_app.xcdatamodeld in Sources */ = {isa = PBXBuildFile; fileRef = 4CD0F9AD2193D209005679BD /* todo_app.xcdatamodeld */; };
		4CD0F9B12193D20A005679BD /* Assets.xcassets in Resources */ = {isa = PBXBuildFile; fileRef = 4CD0F9B02193D20A005679BD /* Assets.xcassets */; };
		4CD0F9B42193D20A005679BD /* LaunchScreen.storyboard in Resources */ = {isa = PBXBuildFile; fileRef = 4CD0F9B22193D20A005679BD /* LaunchScreen.storyboard */; };
		4CD0F9BF2193D20A005679BD /* todo_appTests.swift in Sources */ = {isa = PBXBuildFile; fileRef = 4CD0F9BE2193D20A005679BD /* todo_appTests.swift */; };
		4CD0F9CA2193D20B005679BD /* todo_appUITests.swift in Sources */ = {isa = PBXBuildFile; fileRef = 4CD0F9C92193D20B005679BD /* todo_appUITests.swift */; };
/* End PBXBuildFile section */

/* Begin PBXContainerItemProxy section */
		4CD0F9BB2193D20A005679BD /* PBXContainerItemProxy */ = {
			isa = PBXContainerItemProxy;
			containerPortal = 4CD0F99B2193D209005679BD /* Project object */;
			proxyType = 1;
			remoteGlobalIDString = 4CD0F9A22193D209005679BD;
			remoteInfo = "todo-app";
		};
		4CD0F9C62193D20B005679BD /* PBXContainerItemProxy */ = {
			isa = PBXContainerItemProxy;
			containerPortal = 4CD0F99B2193D209005679BD /* Project object */;
			proxyType = 1;
			remoteGlobalIDString = 4CD0F9A22193D209005679BD;
			remoteInfo = "todo-app";
		};
/* End PBXContainerItemProxy section */

/* Begin PBXFileReference section */
		4CD0F9A32193D209005679BD /* todo-app.app */ = {isa = PBXFileReference; explicitFileType = wrapper.application; includeInIndex = 0; path = "todo-app.app"; sourceTree = BUILT_PRODUCTS_DIR; };
		4CD0F9A62193D209005679BD /* AppDelegate.swift */ = {isa = PBXFileReference; lastKnownFileType = sourcecode.swift; path = AppDelegate.swift; sourceTree = "<group>"; };
		4CD0F9A82193D209005679BD /* ViewController.swift */ = {isa = PBXFileReference; lastKnownFileType = sourcecode.swift; path = ViewController.swift; sourceTree = "<group>"; };
		4CD0F9AB2193D209005679BD /* Base */ = {isa = PBXFileReference; lastKnownFileType = file.storyboard; name = Base; path = Base.lproj/Main.storyboard; sourceTree = "<group>"; };
		4CD0F9AE2193D209005679BD /* todo_app.xcdatamodel */ = {isa = PBXFileReference; lastKnownFileType = wrapper.xcdatamodel; path = todo_app.xcdatamodel; sourceTree = "<group>"; };
		4CD0F9B02193D20A005679BD /* Assets.xcassets */ = {isa = PBXFileReference; lastKnownFileType = folder.assetcatalog; path = Assets.xcassets; sourceTree = "<group>"; };
		4CD0F9B32193D20A005679BD /* Base */ = {isa = PBXFileReference; lastKnownFileType = file.storyboard; name = Base; path = Base.lproj/LaunchScreen.storyboard; sourceTree = "<group>"; };
		4CD0F9B52193D20A005679BD /* Info.plist */ = {isa = PBXFileReference; lastKnownFileType = text.plist.xml; path = Info.plist; sourceTree = "<group>"; };
		4CD0F9BA2193D20A005679BD /* todo-appTests.xctest */ = {isa = PBXFileReference; explicitFileType = wrapper.cfbundle; includeInIndex = 0; path = "todo-appTests.xctest"; sourceTree = BUILT_PRODUCTS_DIR; };
		4CD0F9BE2193D20A005679BD /* todo_appTests.swift */ = {isa = PBXFileReference; lastKnownFileType = sourcecode.swift; path = todo_appTests.swift; sourceTree = "<group>"; };
		4CD0F9C02193D20A005679BD /* Info.plist */ = {isa = PBXFileReference; lastKnownFileType = text.plist.xml; path = Info.plist; sourceTree = "<group>"; };
		4CD0F9C52193D20B005679BD /* todo-appUITests.xctest */ = {isa = PBXFileReference; explicitFileType = wrapper.cfbundle; includeInIndex = 0; path = "todo-appUITests.xctest"; sourceTree = BUILT_PRODUCTS_DIR; };
		4CD0F9C92193D20B005679BD /* todo_appUITests.swift */ = {isa = PBXFileReference; lastKnownFileType = sourcecode.swift; path = todo_appUITests.swift; sourceTree = "<group>"; };
		4CD0F9CB2193D20B005679BD /* Info.plist */ = {isa = PBXFileReference; lastKnownFileType = text.plist.xml; path = Info.plist; sourceTree = "<group>"; };
/* End PBXFileReference section */

/* Begin PBXFrameworksBuildPhase section */
		4CD0F9A02193D209005679BD /* Frameworks */ = {
			isa = PBXFrameworksBuildPhase;
			buildActionMask = 2147483647;
			files = (
			);
			runOnlyForDeploymentPostprocessing = 0;
		};
		4CD0F9B72193D20A005679BD /* Frameworks */ = {
			isa = PBXFrameworksBuildPhase;
			buildActionMask = 2147483647;
			files = (
			);
			runOnlyForDeploymentPostprocessing = 0;
		};
		4CD0F9C22193D20B005679BD /* Frameworks */ = {
			isa = PBXFrameworksBuildPhase;
			buildActionMask = 2147483647;
			files = (
			);
			runOnlyForDeploymentPostprocessing = 0;
		};
/* End PBXFrameworksBuildPhase section */

/* Begin PBXGroup section */
		4CD0F99A2193D209005679BD = {
			isa = PBXGroup;
			children = (
				4CD0F9A52193D209005679BD /* todo-app */,
				4CD0F9BD2193D20A005679BD /* todo-appTests */,
				4CD0F9C82193D20B005679BD /* todo-appUITests */,
				4CD0F9A42193D209005679BD /* Products */,
			);
			sourceTree = "<group>";
		};
		4CD0F9A42193D209005679BD /* Products */ = {
			isa = PBXGroup;
			children = (
				4CD0F9A32193D209005679BD /* todo-app.app */,
				4CD0F9BA2193D20A005679BD /* todo-appTests.xctest */,
				4CD0F9C52193D20B005679BD /* todo-appUITests.xctest */,
			);
			name = Products;
			sourceTree = "<group>";
		};
		4CD0F9A52193D209005679BD /* todo-app */ = {
			isa = PBXGroup;
			children = (
				4CD0F9A62193D209005679BD /* AppDelegate.swift */,
				4CD0F9A82193D209005679BD /* ViewController.swift */,
				4CD0F9AA2193D209005679BD /* Main.storyboard */,
				4CD0F9B02193D20A005679BD /* Assets.xcassets */,
				4CD0F9B22193D20A005679BD /* LaunchScreen.storyboard */,
				4CD0F9B52193D20A005679BD /* Info.plist */,
				4CD0F9AD2193D209005679BD /* todo_app.xcdatamodeld */,
			);
			path = "todo-app";
			sourceTree = "<group>";
		};
		4CD0F9BD2193D20A005679BD /* todo-appTests */ = {
			isa = PBXGroup;
			children = (
				4CD0F9BE2193D20A005679BD /* todo_appTests.swift */,
				4CD0F9C02193D20A005679BD /* Info.plist */,
			);
			path = "todo-appTests";
			sourceTree = "<group>";
		};
		4CD0F9C82193D20B005679BD /* todo-appUITests */ = {
			isa = PBXGroup;
			children = (
				4CD0F9C92193D20B005679BD /* todo_appUITests.swift */,
				4CD0F9CB2193D20B005679BD /* Info.plist */,
			);
			path = "todo-appUITests";
			sourceTree = "<group>";
		};
/* End PBXGroup section */

/* Begin PBXNativeTarget section */
		4CD0F9A22193D209005679BD /* todo-app */ = {
			isa = PBXNativeTarget;
			buildConfigurationList = 4CD0F9CE2193D20B005679BD /* Build configuration list for PBXNativeTarget "todo-app" */;
			buildPhases = (
				4CD0F99F2193D209005679BD /* Sources */,
				4CD0F9A02193D209005679BD /* Frameworks */,
				4CD0F9A12193D209005679BD /* Resources */,
			);
			buildRules = (
			);
			dependencies = (
			);
			name = "todo-app";
			productName = "todo-app";
			productReference = 4CD0F9A32193D209005679BD /* todo-app.app */;
			productType = "com.apple.product-type.application";
		};
		4CD0F9B92193D20A005679BD /* todo-appTests */ = {
			isa = PBXNativeTarget;
			buildConfigurationList = 4CD0F9D12193D20B005679BD /* Build configuration list for PBXNativeTarget "todo-appTests" */;
			buildPhases = (
				4CD0F9B62193D20A005679BD /* Sources */,
				4CD0F9B72193D20A005679BD /* Frameworks */,
				4CD0F9B82193D20A005679BD /* Resources */,
			);
			buildRules = (
			);
			dependencies = (
				4CD0F9BC2193D20A005679BD /* PBXTargetDependency */,
			);
			name = "todo-appTests";
			productName = "todo-appTests";
			productReference = 4CD0F9BA2193D20A005679BD /* todo-appTests.xctest */;
			productType = "com.apple.product-type.bundle.unit-test";
		};
		4CD0F9C42193D20B005679BD /* todo-appUITests */ = {
			isa = PBXNativeTarget;
			buildConfigurationList = 4CD0F9D42193D20B005679BD /* Build configuration list for PBXNativeTarget "todo-appUITests" */;
			buildPhases = (
				4CD0F9C12193D20B005679BD /* Sources */,
				4CD0F9C22193D20B005679BD /* Frameworks */,
				4CD0F9C32193D20B005679BD /* Resources */,
			);
			buildRules = (
			);
			dependencies = (
				4CD0F9C72193D20B005679BD /* PBXTargetDependency */,
			);
			name = "todo-appUITests";
			productName = "todo-appUITests";
			productReference = 4CD0F9C52193D20B005679BD /* todo-appUITests.xctest */;
			productType = "com.apple.product-type.bundle.ui-testing";
		};
/* End PBXNativeTarget section */

/* Begin PBXProject section */
		4CD0F99B2193D209005679BD /* Project object */ = {
			isa = PBXProject;
			attributes = {
				LastSwiftUpdateCheck = 1000;
				LastUpgradeCheck = 1000;
				ORGANIZATIONNAME = "Michael Florendo";
				TargetAttributes = {
					4CD0F9A22193D209005679BD = {
						CreatedOnToolsVersion = 10.0;
					};
					4CD0F9B92193D20A005679BD = {
						CreatedOnToolsVersion = 10.0;
						TestTargetID = 4CD0F9A22193D209005679BD;
					};
					4CD0F9C42193D20B005679BD = {
						CreatedOnToolsVersion = 10.0;
						TestTargetID = 4CD0F9A22193D209005679BD;
					};
				};
			};
			buildConfigurationList = 4CD0F99E2193D209005679BD /* Build configuration list for PBXProject "todo-app" */;
			compatibilityVersion = "Xcode 9.3";
			developmentRegion = en;
			hasScannedForEncodings = 0;
			knownRegions = (
				en,
				Base,
			);
			mainGroup = 4CD0F99A2193D209005679BD;
			productRefGroup = 4CD0F9A42193D209005679BD /* Products */;
			projectDirPath = "";
			projectRoot = "";
			targets = (
				4CD0F9A22193D209005679BD /* todo-app */,
				4CD0F9B92193D20A005679BD /* todo-appTests */,
				4CD0F9C42193D20B005679BD /* todo-appUITests */,
			);
		};
/* End PBXProject section */

/* Begin PBXResourcesBuildPhase section */
		4CD0F9A12193D209005679BD /* Resources */ = {
			isa = PBXResourcesBuildPhase;
			buildActionMask = 2147483647;
			files = (
				4CD0F9B42193D20A005679BD /* LaunchScreen.storyboard in Resources */,
				4CD0F9B12193D20A005679BD /* Assets.xcassets in Resources */,
				4CD0F9AC2193D209005679BD /* Main.storyboard in Resources */,
			);
			runOnlyForDeploymentPostprocessing = 0;
		};
		4CD0F9B82193D20A005679BD /* Resources */ = {
			isa = PBXResourcesBuildPhase;
			buildActionMask = 2147483647;
			files = (
			);
			runOnlyForDeploymentPostprocessing = 0;
		};
		4CD0F9C32193D20B005679BD /* Resources */ = {
			isa = PBXResourcesBuildPhase;
			buildActionMask = 2147483647;
			files = (
			);
			runOnlyForDeploymentPostprocessing = 0;
		};
/* End PBXResourcesBuildPhase section */

/* Begin PBXSourcesBuildPhase section */
		4CD0F99F2193D209005679BD /* Sources */ = {
			isa = PBXSourcesBuildPhase;
			buildActionMask = 2147483647;
			files = (
				4CD0F9AF2193D209005679BD /* todo_app.xcdatamodeld in Sources */,
				4CD0F9A92193D209005679BD /* ViewController.swift in Sources */,
				4CD0F9A72193D209005679BD /* AppDelegate.swift in Sources */,
			);
			runOnlyForDeploymentPostprocessing = 0;
		};
		4CD0F9B62193D20A005679BD /* Sources */ = {
			isa = PBXSourcesBuildPhase;
			buildActionMask = 2147483647;
			files = (
				4CD0F9BF2193D20A005679BD /* todo_appTests.swift in Sources */,
			);
			runOnlyForDeploymentPostprocessing = 0;
		};
		4CD0F9C12193D20B005679BD /* Sources */ = {
			isa = PBXSourcesBuildPhase;
			buildActionMask = 2147483647;
			files = (
				4CD0F9CA2193D20B005679BD /* todo_appUITests.swift in Sources */,
			);
			runOnlyForDeploymentPostprocessing = 0;
		};
/* End PBXSourcesBuildPhase section */

/* Begin PBXTargetDependency section */
		4CD0F9BC2193D20A005679BD /* PBXTargetDependency */ = {
			isa = PBXTargetDependency;
			target = 4CD0F9A22193D209005679BD /* todo-app */;
			targetProxy = 4CD0F9BB2193D20A005679BD /* PBXContainerItemProxy */;
		};
		4CD0F9C72193D20B005679BD /* PBXTargetDependency */ = {
			isa = PBXTargetDependency;
			target = 4CD0F9A22193D209005679BD /* todo-app */;
			targetProxy = 4CD0F9C62193D20B005679BD /* PBXContainerItemProxy */;
		};
/* End PBXTargetDependency section */

/* Begin PBXVariantGroup section */
		4CD0F9AA2193D209005679BD /* Main.storyboard */ = {
			isa = PBXVariantGroup;
			children = (
				4CD0F9AB2193D209005679BD /* Base */,
			);
			name = Main.storyboard;
			sourceTree = "<group>";
		};
		4CD0F9B22193D20A005679BD /* LaunchScreen.storyboard */ = {
			isa = PBXVariantGroup;
			children = (
				4CD0F9B32193D20A005679BD /* Base */,
			);
			name = LaunchScreen.storyboard;
			sourceTree = "<group>";
		};
/* End PBXVariantGroup section */

/* Begin XCBuildConfiguration section */
		4CD0F9CC2193D20B005679BD /* Debug */ = {
			isa = XCBuildConfiguration;
			buildSettings = {
				ALWAYS_SEARCH_USER_PATHS = NO;
				CLANG_ANALYZER_NONNULL = YES;
				CLANG_ANALYZER_NUMBER_OBJECT_CONVERSION = YES_AGGRESSIVE;
				CLANG_CXX_LANGUAGE_STANDARD = "gnu++14";
				CLANG_CXX_LIBRARY = "libc++";
				CLANG_ENABLE_MODULES = YES;
				CLANG_ENABLE_OBJC_ARC = YES;
				CLANG_ENABLE_OBJC_WEAK = YES;
				CLANG_WARN_BLOCK_CAPTURE_AUTORELEASING = YES;
				CLANG_WARN_BOOL_CONVERSION = YES;
				CLANG_WARN_COMMA = YES;
				CLANG_WARN_CONSTANT_CONVERSION = YES;
				CLANG_WARN_DEPRECATED_OBJC_IMPLEMENTATIONS = YES;
				CLANG_WARN_DIRECT_OBJC_ISA_USAGE = YES_ERROR;
				CLANG_WARN_DOCUMENTATION_COMMENTS = YES;
				CLANG_WARN_EMPTY_BODY = YES;
				CLANG_WARN_ENUM_CONVERSION = YES;
				CLANG_WARN_INFINITE_RECURSION = YES;
				CLANG_WARN_INT_CONVERSION = YES;
				CLANG_WARN_NON_LITERAL_NULL_CONVERSION = YES;
				CLANG_WARN_OBJC_IMPLICIT_RETAIN_SELF = YES;
				CLANG_WARN_OBJC_LITERAL_CONVERSION = YES;
				CLANG_WARN_OBJC_ROOT_CLASS = YES_ERROR;
				CLANG_WARN_RANGE_LOOP_ANALYSIS = YES;
				CLANG_WARN_STRICT_PROTOTYPES = YES;
				CLANG_WARN_SUSPICIOUS_MOVE = YES;
				CLANG_WARN_UNGUARDED_AVAILABILITY = YES_AGGRESSIVE;
				CLANG_WARN_UNREACHABLE_CODE = YES;
				CLANG_WARN__DUPLICATE_METHOD_MATCH = YES;
				CODE_SIGN_IDENTITY = "iPhone Developer";
				COPY_PHASE_STRIP = NO;
				DEBUG_INFORMATION_FORMAT = dwarf;
				ENABLE_STRICT_OBJC_MSGSEND = YES;
				ENABLE_TESTABILITY = YES;
				GCC_C_LANGUAGE_STANDARD = gnu11;
				GCC_DYNAMIC_NO_PIC = NO;
				GCC_NO_COMMON_BLOCKS = YES;
				GCC_OPTIMIZATION_LEVEL = 0;
				GCC_PREPROCESSOR_DEFINITIONS = (
					"DEBUG=1",
					"$(inherited)",
				);
				GCC_WARN_64_TO_32_BIT_CONVERSION = YES;
				GCC_WARN_ABOUT_RETURN_TYPE = YES_ERROR;
				GCC_WARN_UNDECLARED_SELECTOR = YES;
				GCC_WARN_UNINITIALIZED_AUTOS = YES_AGGRESSIVE;
				GCC_WARN_UNUSED_FUNCTION = YES;
				GCC_WARN_UNUSED_VARIABLE = YES;
				IPHONEOS_DEPLOYMENT_TARGET = 12.0;
				MTL_ENABLE_DEBUG_INFO = INCLUDE_SOURCE;
				MTL_FAST_MATH = YES;
				ONLY_ACTIVE_ARCH = YES;
				SDKROOT = iphoneos;
				SWIFT_ACTIVE_COMPILATION_CONDITIONS = DEBUG;
				SWIFT_OPTIMIZATION_LEVEL = "-Onone";
			};
			name = Debug;
		};
		4CD0F9CD2193D20B005679BD /* Release */ = {
			isa = XCBuildConfiguration;
			buildSettings = {
				ALWAYS_SEARCH_USER_PATHS = NO;
				CLANG_ANALYZER_NONNULL = YES;
				CLANG_ANALYZER_NUMBER_OBJECT_CONVERSION = YES_AGGRESSIVE;
				CLANG_CXX_LANGUAGE_STANDARD = "gnu++14";
				CLANG_CXX_LIBRARY = "libc++";
				CLANG_ENABLE_MODULES = YES;
				CLANG_ENABLE_OBJC_ARC = YES;
				CLANG_ENABLE_OBJC_WEAK = YES;
				CLANG_WARN_BLOCK_CAPTURE_AUTORELEASING = YES;
				CLANG_WARN_BOOL_CONVERSION = YES;
				CLANG_WARN_COMMA = YES;
				CLANG_WARN_CONSTANT_CONVERSION = YES;
				CLANG_WARN_DEPRECATED_OBJC_IMPLEMENTATIONS = YES;
				CLANG_WARN_DIRECT_OBJC_ISA_USAGE = YES_ERROR;
				CLANG_WARN_DOCUMENTATION_COMMENTS = YES;
				CLANG_WARN_EMPTY_BODY = YES;
				CLANG_WARN_ENUM_CONVERSION = YES;
				CLANG_WARN_INFINITE_RECURSION = YES;
				CLANG_WARN_INT_CONVERSION = YES;
				CLANG_WARN_NON_LITERAL_NULL_CONVERSION = YES;
				CLANG_WARN_OBJC_IMPLICIT_RETAIN_SELF = YES;
				CLANG_WARN_OBJC_LITERAL_CONVERSION = YES;
				CLANG_WARN_OBJC_ROOT_CLASS = YES_ERROR;
				CLANG_WARN_RANGE_LOOP_ANALYSIS = YES;
				CLANG_WARN_STRICT_PROTOTYPES = YES;
				CLANG_WARN_SUSPICIOUS_MOVE = YES;
				CLANG_WARN_UNGUARDED_AVAILABILITY = YES_AGGRESSIVE;
				CLANG_WARN_UNREACHABLE_CODE = YES;
				CLANG_WARN__DUPLICATE_METHOD_MATCH = YES;
				CODE_SIGN_IDENTITY = "iPhone Developer";
				COPY_PHASE_STRIP = NO;
				DEBUG_INFORMATION_FORMAT = "dwarf-with-dsym";
				ENABLE_NS_ASSERTIONS = NO;
				ENABLE_STRICT_OBJC_MSGSEND = YES;
				GCC_C_LANGUAGE_STANDARD = gnu11;
				GCC_NO_COMMON_BLOCKS = YES;
				GCC_WARN_64_TO_32_BIT_CONVERSION = YES;
				GCC_WARN_ABOUT_RETURN_TYPE = YES_ERROR;
				GCC_WARN_UNDECLARED_SELECTOR = YES;
				GCC_WARN_UNINITIALIZED_AUTOS = YES_AGGRESSIVE;
				GCC_WARN_UNUSED_FUNCTION = YES;
				GCC_WARN_UNUSED_VARIABLE = YES;
				IPHONEOS_DEPLOYMENT_TARGET = 12.0;
				MTL_ENABLE_DEBUG_INFO = NO;
				MTL_FAST_MATH = YES;
				SDKROOT = iphoneos;
				SWIFT_COMPILATION_MODE = wholemodule;
				SWIFT_OPTIMIZATION_LEVEL = "-O";
				VALIDATE_PRODUCT = YES;
			};
			name = Release;
		};
		4CD0F9CF2193D20B005679BD /* Debug */ = {
			isa = XCBuildConfiguration;
			buildSettings = {
				ASSETCATALOG_COMPILER_APPICON_NAME = AppIcon;
				CODE_SIGN_STYLE = Automatic;
				DEVELOPMENT_TEAM = 45457M35K8;
				INFOPLIST_FILE = "todo-app/Info.plist";
				LD_RUNPATH_SEARCH_PATHS = (
					"$(inherited)",
					"@executable_path/Frameworks",
				);
				PRODUCT_BUNDLE_IDENTIFIER = "com.whitecloak.todo-app";
				PRODUCT_NAME = "$(TARGET_NAME)";
				SWIFT_VERSION = 4.2;
				TARGETED_DEVICE_FAMILY = "1,2";
			};
			name = Debug;
		};
		4CD0F9D02193D20B005679BD /* Release */ = {
			isa = XCBuildConfiguration;
			buildSettings = {
				ASSETCATALOG_COMPILER_APPICON_NAME = AppIcon;
				CODE_SIGN_STYLE = Automatic;
				DEVELOPMENT_TEAM = 45457M35K8;
				INFOPLIST_FILE = "todo-app/Info.plist";
				LD_RUNPATH_SEARCH_PATHS = (
					"$(inherited)",
					"@executable_path/Frameworks",
				);
				PRODUCT_BUNDLE_IDENTIFIER = "com.whitecloak.todo-app";
				PRODUCT_NAME = "$(TARGET_NAME)";
				SWIFT_VERSION = 4.2;
				TARGETED_DEVICE_FAMILY = "1,2";
			};
			name = Release;
		};
		4CD0F9D22193D20B005679BD /* Debug */ = {
			isa = XCBuildConfiguration;
			buildSettings = {
				ALWAYS_EMBED_SWIFT_STANDARD_LIBRARIES = YES;
				BUNDLE_LOADER = "$(TEST_HOST)";
				CODE_SIGN_STYLE = Automatic;
				DEVELOPMENT_TEAM = 45457M35K8;
				INFOPLIST_FILE = "todo-appTests/Info.plist";
				LD_RUNPATH_SEARCH_PATHS = (
					"$(inherited)",
					"@executable_path/Frameworks",
					"@loader_path/Frameworks",
				);
				PRODUCT_BUNDLE_IDENTIFIER = "com.whitecloak.todo-appTests";
				PRODUCT_NAME = "$(TARGET_NAME)";
				SWIFT_VERSION = 4.2;
				TARGETED_DEVICE_FAMILY = "1,2";
				TEST_HOST = "$(BUILT_PRODUCTS_DIR)/todo-app.app/todo-app";
			};
			name = Debug;
		};
		4CD0F9D32193D20B005679BD /* Release */ = {
			isa = XCBuildConfiguration;
			buildSettings = {
				ALWAYS_EMBED_SWIFT_STANDARD_LIBRARIES = YES;
				BUNDLE_LOADER = "$(TEST_HOST)";
				CODE_SIGN_STYLE = Automatic;
				DEVELOPMENT_TEAM = 45457M35K8;
				INFOPLIST_FILE = "todo-appTests/Info.plist";
				LD_RUNPATH_SEARCH_PATHS = (
					"$(inherited)",
					"@executable_path/Frameworks",
					"@loader_path/Frameworks",
				);
				PRODUCT_BUNDLE_IDENTIFIER = "com.whitecloak.todo-appTests";
				PRODUCT_NAME = "$(TARGET_NAME)";
				SWIFT_VERSION = 4.2;
				TARGETED_DEVICE_FAMILY = "1,2";
				TEST_HOST = "$(BUILT_PRODUCTS_DIR)/todo-app.app/todo-app";
			};
			name = Release;
		};
		4CD0F9D52193D20B005679BD /* Debug */ = {
			isa = XCBuildConfiguration;
			buildSettings = {
				ALWAYS_EMBED_SWIFT_STANDARD_LIBRARIES = YES;
				CODE_SIGN_STYLE = Automatic;
				DEVELOPMENT_TEAM = 45457M35K8;
				INFOPLIST_FILE = "todo-appUITests/Info.plist";
				LD_RUNPATH_SEARCH_PATHS = (
					"$(inherited)",
					"@executable_path/Frameworks",
					"@loader_path/Frameworks",
				);
				PRODUCT_BUNDLE_IDENTIFIER = "com.whitecloak.todo-appUITests";
				PRODUCT_NAME = "$(TARGET_NAME)";
				SWIFT_VERSION = 4.2;
				TARGETED_DEVICE_FAMILY = "1,2";
				TEST_TARGET_NAME = "todo-app";
			};
			name = Debug;
		};
		4CD0F9D62193D20B005679BD /* Release */ = {
			isa = XCBuildConfiguration;
			buildSettings = {
				ALWAYS_EMBED_SWIFT_STANDARD_LIBRARIES = YES;
				CODE_SIGN_STYLE = Automatic;
				DEVELOPMENT_TEAM = 45457M35K8;
				INFOPLIST_FILE = "todo-appUITests/Info.plist";
				LD_RUNPATH_SEARCH_PATHS = (
					"$(inherited)",
					"@executable_path/Frameworks",
					"@loader_path/Frameworks",
				);
				PRODUCT_BUNDLE_IDENTIFIER = "com.whitecloak.todo-appUITests";
				PRODUCT_NAME = "$(TARGET_NAME)";
				SWIFT_VERSION = 4.2;
				TARGETED_DEVICE_FAMILY = "1,2";
				TEST_TARGET_NAME = "todo-app";
			};
			name = Release;
		};
/* End XCBuildConfiguration section */

/* Begin XCConfigurationList section */
		4CD0F99E2193D209005679BD /* Build configuration list for PBXProject "todo-app" */ = {
			isa = XCConfigurationList;
			buildConfigurations = (
				4CD0F9CC2193D20B005679BD /* Debug */,
				4CD0F9CD2193D20B005679BD /* Release */,
			);
			defaultConfigurationIsVisible = 0;
			defaultConfigurationName = Release;
		};
		4CD0F9CE2193D20B005679BD /* Build configuration list for PBXNativeTarget "todo-app" */ = {
			isa = XCConfigurationList;
			buildConfigurations = (
				4CD0F9CF2193D20B005679BD /* Debug */,
				4CD0F9D02193D20B005679BD /* Release */,
			);
			defaultConfigurationIsVisible = 0;
			defaultConfigurationName = Release;
		};
		4CD0F9D12193D20B005679BD /* Build configuration list for PBXNativeTarget "todo-appTests" */ = {
			isa = XCConfigurationList;
			buildConfigurations = (
				4CD0F9D22193D20B005679BD /* Debug */,
				4CD0F9D32193D20B005679BD /* Release */,
			);
			defaultConfigurationIsVisible = 0;
			defaultConfigurationName = Release;
		};
		4CD0F9D42193D20B005679BD /* Build configuration list for PBXNativeTarget "todo-appUITests" */ = {
			isa = XCConfigurationList;
			buildConfigurations = (
				4CD0F9D52193D20B005679BD /* Debug */,
				4CD0F9D62193D20B005679BD /* Release */,
			);
			defaultConfigurationIsVisible = 0;
			defaultConfigurationName = Release;
		};
/* End XCConfigurationList section */

/* Begin XCVersionGroup section */
		4CD0F9AD2193D209005679BD /* todo_app.xcdatamodeld */ = {
			isa = XCVersionGroup;
			children = (
				4CD0F9AE2193D209005679BD /* todo_app.xcdatamodel */,
			);
			currentVersion = 4CD0F9AE2193D209005679BD /* todo_app.xcdatamodel */;
			path = todo_app.xcdatamodeld;
			sourceTree = "<group>";
			versionGroupType = wrapper.xcdatamodel;
		};
/* End XCVersionGroup section */
	};
	rootObject = 4CD0F99B2193D209005679BD /* Project object */;
}
